
Microsoft Visual Studio Solution File, Format Version 12.00
# Visual Studio Version 16
VisualStudioVersion = 16.0.30907.101
MinimumVisualStudioVersion = 10.0.40219.1
Project("{FAE04EC0-301F-11D3-BF4B-00C04F79EFBC}") = "MyList", "MyList\MyList.csproj", "{62157EB9-5432-4114-996E-16BC84324C9D}"
EndProject
Global
	GlobalSection(SolutionConfigurationPlatforms) = preSolution
		Debug|Any CPU = Debug|Any CPU
		Release|Any CPU = Release|Any CPU
	EndGlobalSection
	GlobalSection(ProjectConfigurationPlatforms) = postSolution
		{62157EB9-5432-4114-996E-16BC84324C9D}.Debug|Any CPU.ActiveCfg = Debug|Any CPU
		{62157EB9-5432-4114-996E-16BC84324C9D}.Debug|Any CPU.Build.0 = Debug|Any CPU
		{62157EB9-5432-4114-996E-16BC84324C9D}.Release|Any CPU.ActiveCfg = Release|Any CPU
		{62157EB9-5432-4114-996E-16BC84324C9D}.Release|Any CPU.Build.0 = Release|Any CPU
	EndGlobalSection
	GlobalSection(SolutionProperties) = preSolution
		HideSolutionNode = FALSE
	EndGlobalSection
	GlobalSection(ExtensibilityGlobals) = postSolution
		SolutionGuid = {3541B396-41B9-4290-8D99-F9C78BE3BB6D}
	EndGlobalSection
EndGlobal
